{
    "_readme": [
        "This file locks the dependencies of your project to a known state",
        "Read more about it at https://getcomposer.org/doc/01-basic-usage.md#composer-lock-the-lock-file",
        "This file is @generated automatically"
    ],
    "hash": "13acff4ce34a6661461d0ea671bb3e2e",
    "packages": [
        {
            "name": "aura/html",
            "version": "2.x-dev",
            "source": {
                "type": "git",
                "url": "https://github.com/auraphp/Aura.Html.git",
                "reference": "723f14da804a06fdb1dbfb1f9b0e3ebbc00ae4a8"
            },
            "dist": {
                "type": "zip",
                "url": "https://api.github.com/repos/auraphp/Aura.Html/zipball/723f14da804a06fdb1dbfb1f9b0e3ebbc00ae4a8",
                "reference": "723f14da804a06fdb1dbfb1f9b0e3ebbc00ae4a8",
                "shasum": ""
            },
            "require": {
                "php": ">=5.3.0"
            },
            "require-dev": {
                "aura/di": "~2.0"
            },
            "type": "library",
            "extra": {
                "aura": {
                    "type": "library",
                    "config": {
                        "common": "Aura\\Html\\_Config\\Common"
                    }
                }
            },
            "autoload": {
                "psr-4": {
                    "Aura\\Html\\": "src/",
                    "Aura\\Html\\_Config\\": "config/"
                }
            },
            "notification-url": "https://packagist.org/downloads/",
            "license": [
                "BSD-2-Clause"
            ],
            "authors": [
                {
                    "name": "Aura.Html Contributors",
                    "homepage": "https://github.com/auraphp/Aura.Html/contributors"
                }
            ],
            "description": "Provides HTML escapers and helpers, including form input helpers.",
            "homepage": "https://github.com/auraphp/Aura.Html",
            "keywords": [
                "Escape",
                "escaper",
                "escapers",
                "escaping",
                "form",
                "helper",
                "helpers",
                "html",
                "input"
            ],
            "time": "2015-05-13 20:57:07"
        },
        {
            "name": "evenement/evenement",
            "version": "dev-master",
            "source": {
                "type": "git",
                "url": "https://github.com/igorw/evenement.git",
                "reference": "35e87541d4b53c22201519fce3caaa5b38ac8164"
            },
            "dist": {
                "type": "zip",
                "url": "https://api.github.com/repos/igorw/evenement/zipball/35e87541d4b53c22201519fce3caaa5b38ac8164",
                "reference": "35e87541d4b53c22201519fce3caaa5b38ac8164",
                "shasum": ""
            },
            "require": {
                "php": ">=5.4.0"
            },
            "type": "library",
            "extra": {
                "branch-alias": {
                    "dev-master": "2.0-dev"
                }
            },
            "autoload": {
                "psr-0": {
                    "Evenement": "src"
                }
            },
            "notification-url": "https://packagist.org/downloads/",
            "license": [
                "MIT"
            ],
            "authors": [
                {
                    "name": "Igor Wiedler",
                    "email": "igor@wiedler.ch",
                    "homepage": "http://wiedler.ch/igor/"
                }
            ],
            "description": "Événement is a very simple event dispatching library for PHP",
            "keywords": [
                "event-dispatcher",
                "event-emitter"
            ],
            "time": "2014-07-09 21:08:03"
        },
        {
            "name": "filp/whoops",
            "version": "dev-master",
            "source": {
                "type": "git",
                "url": "https://github.com/filp/whoops.git",
                "reference": "285e5152b8be85ef7e141a8b4c669775c338dbc1"
            },
            "dist": {
                "type": "zip",
                "url": "https://api.github.com/repos/filp/whoops/zipball/285e5152b8be85ef7e141a8b4c669775c338dbc1",
                "reference": "285e5152b8be85ef7e141a8b4c669775c338dbc1",
                "shasum": ""
            },
            "require": {
                "php": ">=5.3.0"
            },
            "require-dev": {
                "mockery/mockery": "0.9.*"
            },
            "type": "library",
            "extra": {
                "branch-alias": {
                    "dev-master": "1.2-dev"
                }
            },
            "autoload": {
                "psr-0": {
                    "Whoops": "src/"
                },
                "classmap": [
                    "src/deprecated"
                ]
            },
            "notification-url": "https://packagist.org/downloads/",
            "license": [
                "MIT"
            ],
            "authors": [
                {
                    "name": "Filipe Dobreira",
                    "homepage": "https://github.com/filp",
                    "role": "Developer"
                }
            ],
            "description": "php error handling for cool kids",
            "homepage": "https://github.com/filp/whoops",
            "keywords": [
                "error",
                "exception",
                "handling",
                "library",
                "silex-provider",
                "whoops",
                "zf2"
            ],
            "time": "2015-04-12 16:35:52"
        },
        {
            "name": "foil/foil",
            "version": "0.5.1",
            "source": {
                "type": "git",
                "url": "https://github.com/Giuseppe-Mazzapica/Foil.git",
                "reference": "41075aab599566da0e51b413192927e80172263b"
            },
            "dist": {
                "type": "zip",
                "url": "https://api.github.com/repos/Giuseppe-Mazzapica/Foil/zipball/41075aab599566da0e51b413192927e80172263b",
                "reference": "41075aab599566da0e51b413192927e80172263b",
                "shasum": ""
            },
            "require": {
                "aura/html": "~2.4",
                "evenement/evenement": "~2.0",
                "igorw/get-in": "~1.0",
                "php": ">=5.4",
                "pimple/pimple": "~3.0"
            },
            "require-dev": {
                "brain/monkey": "~1.1",
                "mockery/mockery": "0.9.3",
                "phpunit/phpunit": "~4.4"
            },
            "type": "library",
            "extra": {
                "branch-alias": {
                    "dev-master": "0.3.x-dev"
                }
            },
            "autoload": {
                "psr-4": {
                    "Foil\\": "src/"
                },
                "files": [
                    "inc/functions.php"
                ]
            },
            "notification-url": "https://packagist.org/downloads/",
            "license": [
                "MIT"
            ],
            "authors": [
                {
                    "name": "Giuseppe Mazzapica",
                    "email": "giuseppe.mazzapica@gmail.com",
                    "homepage": "http://gm.zoomlab.it",
                    "role": "Developer"
                }
            ],
            "description": "PHP template engine for native PHP templates",
            "homepage": "https://github.com/Giuseppe-Mazzapica/Foil",
            "keywords": [
                "template engine",
                "templates"
            ],
            "time": "2015-05-25 20:00:55"
        },
        {
            "name": "igorw/get-in",
            "version": "dev-master",
            "source": {
                "type": "git",
                "url": "https://github.com/igorw/get-in.git",
                "reference": "e2bfd524906ba62fe03a80cd3efd3ec635850a1b"
            },
            "dist": {
                "type": "zip",
                "url": "https://api.github.com/repos/igorw/get-in/zipball/e2bfd524906ba62fe03a80cd3efd3ec635850a1b",
                "reference": "e2bfd524906ba62fe03a80cd3efd3ec635850a1b",
                "shasum": ""
            },
            "require": {
                "php": ">=5.4"
            },
            "type": "library",
            "extra": {
                "branch-alias": {
                    "dev-master": "1.0-dev"
                }
            },
            "autoload": {
                "files": [
                    "src/get_in.php"
                ]
            },
            "notification-url": "https://packagist.org/downloads/",
            "license": [
                "MIT"
            ],
            "authors": [
                {
                    "name": "Igor Wiedler",
                    "email": "igor@wiedler.ch"
                }
            ],
            "description": "Functions for hash map (assoc array) traversal.",
            "keywords": [
                "assoc-array",
                "hash-map"
            ],
            "time": "2015-01-07 21:56:59"
        },
        {
            "name": "pimple/pimple",
            "version": "dev-master",
            "source": {
                "type": "git",
                "url": "https://github.com/silexphp/Pimple.git",
                "reference": "2bcd90124a31bcf61804b9eb5badb85679469921"
            },
            "dist": {
                "type": "zip",
                "url": "https://api.github.com/repos/silexphp/Pimple/zipball/2bcd90124a31bcf61804b9eb5badb85679469921",
                "reference": "2bcd90124a31bcf61804b9eb5badb85679469921",
                "shasum": ""
            },
            "require": {
                "php": ">=5.3.0"
            },
            "type": "library",
            "extra": {
                "branch-alias": {
                    "dev-master": "3.0.x-dev"
                }
            },
            "autoload": {
                "psr-0": {
                    "Pimple": "src/"
                }
            },
            "notification-url": "https://packagist.org/downloads/",
            "license": [
                "MIT"
            ],
            "authors": [
                {
                    "name": "Fabien Potencier",
                    "email": "fabien@symfony.com"
                }
            ],
            "description": "Pimple is a simple Dependency Injection Container for PHP 5.3",
            "homepage": "http://pimple.sensiolabs.org",
            "keywords": [
                "container",
                "dependency injection"
            ],
            "time": "2015-01-26 16:18:50"
        },
        {
            "name": "raven/raven",
            "version": "0.11.0",
            "source": {
                "type": "git",
                "url": "https://github.com/getsentry/raven-php.git",
                "reference": "2b651d779cdbac8b6456b3b0f06c8c77e43f79dd"
            },
            "dist": {
                "type": "zip",
                "url": "https://api.github.com/repos/getsentry/raven-php/zipball/2b651d779cdbac8b6456b3b0f06c8c77e43f79dd",
                "reference": "2b651d779cdbac8b6456b3b0f06c8c77e43f79dd",
                "shasum": ""
            },
            "require": {
                "php": ">=5.2.4"
            },
            "require-dev": {
                "phpunit/phpunit": "3.7.*"
            },
            "bin": [
                "bin/raven"
            ],
            "type": "library",
            "extra": {
                "branch-alias": {
                    "dev-master": "0.8.x-dev"
                }
            },
            "autoload": {
                "psr-0": {
                    "Raven_": "lib/"
                }
            },
            "notification-url": "https://packagist.org/downloads/",
            "license": [
                "BSD"
            ],
            "authors": [
                {
                    "name": "David Cramer",
                    "email": "dcramer@gmail.com"
                }
            ],
            "description": "A PHP client for Sentry (http://getsentry.com)",
            "homepage": "http://getsentry.com",
            "keywords": [
                "log",
                "logging"
            ],
            "time": "2015-03-24 23:17:13"
        },
        {
            "name": "swiftmailer/swiftmailer",
            "version": "v5.4.0",
            "source": {
                "type": "git",
                "url": "https://github.com/swiftmailer/swiftmailer.git",
                "reference": "31454f258f10329ae7c48763eb898a75c39e0a9f"
            },
            "dist": {
                "type": "zip",
                "url": "https://api.github.com/repos/swiftmailer/swiftmailer/zipball/31454f258f10329ae7c48763eb898a75c39e0a9f",
                "reference": "31454f258f10329ae7c48763eb898a75c39e0a9f",
                "shasum": ""
            },
            "require": {
                "php": ">=5.3.3"
            },
            "require-dev": {
                "mockery/mockery": "~0.9.1"
            },
            "type": "library",
            "extra": {
                "branch-alias": {
                    "dev-master": "5.4-dev"
                }
            },
            "autoload": {
                "files": [
                    "lib/swift_required.php"
                ]
            },
            "notification-url": "https://packagist.org/downloads/",
            "license": [
                "MIT"
            ],
            "authors": [
                {
                    "name": "Chris Corbyn"
                },
                {
                    "name": "Fabien Potencier",
                    "email": "fabien@symfony.com"
                }
            ],
            "description": "Swiftmailer, free feature-rich PHP mailer",
            "homepage": "http://swiftmailer.org",
            "keywords": [
                "mail",
                "mailer"
            ],
            "time": "2015-03-14 06:06:39"
        }
    ],
    "packages-dev": [],
    "aliases": [],
    "minimum-stability": "dev",
    "stability-flags": {
        "swiftmailer/swiftmailer": 0
    },
    "prefer-stable": false,
    "prefer-lowest": false,
    "platform": {
        "php": ">=5.5.0"
    },
    "platform-dev": []
}
